{
  "version": 1,
  "dependencies": {
    "net10.0-windows7.0": {
      "DalamudPackager": {
        "type": "Direct",
        "requested": "[15.0.0, )",
        "resolved": "15.0.0",
        "contentHash": "411vwC8/X8Z/sQ2TI6v3SvOn66xFPeOjFn3Zn+h0d3Ox2t1kFm66AhDvmx/qcMwVrR+Hidxj0dadpQ2dgyXMBQ=="
      },
      "DotNet.ReproducibleBuilds": {
        "type": "Direct",
        "requested": "[2.0.5, )",
        "resolved": "2.0.5",
        "contentHash": "8LrlvI1KpjjJ4VGSqZ16yoOCKlQnYS+Y8rYNifNrscmVh5anJcF9E4e0NiDP30BHBMUbkoJ5KdcxoRWM7Pz9Aw=="
      },
      "ECommons": {
        "type": "Direct",
        "requested": "[3.2.1.15, )",
        "resolved": "3.2.1.15",
        "contentHash": "2BowPSMoVC1v8E/jivCnbqbDLaNMN2uy2lih/hrEIANoh2B7PfydUb7zT/EOl86fEK6Hw88k1Vzvmoe/cHb3EA=="
      },
      "Glamourer.Api": {
        "type": "Direct",
        "requested": "[2.8.2, )",
        "resolved": "2.8.2",
        "contentHash": "+mEzejUhvJLcpTjv4Hk6ap22WiEPyEa9wg1EECFwDJim1B+fKy3l4iWlvjaoEFlfp+nB67BZp8KBiHclsEBQQw=="
      }
    }
  }
}