{
  "version": 1,
  "dependencies": {
    "net10.0-windows7.0": {
      "DalamudPackager": {
        "type": "Direct",
        "requested": "[14.0.2, )",
        "resolved": "14.0.2",
        "contentHash": "dQJeq+8eyHzra4Cg5eZ/3LAeS3/UpvvLriYJGSncMK9LqJ7Q4B6jwcOsxo3PfxVd15xj+IzVFxkPqIBmPQu8/w=="
      },
      "DotNet.ReproducibleBuilds": {
        "type": "Direct",
        "requested": "[2.0.2, )",
        "resolved": "2.0.2",
        "contentHash": "VaHoEN6YHp0jXucxm67vfuRy8zo9ufiKSuaZ4ZudRi8xmWcEFMKxfCsg2nvYNvdISFTURDu+IHqADGh53+Bamw=="
      },
      "ECommons": {
        "type": "Direct",
        "requested": "[3.1.0.29, )",
        "resolved": "3.1.0.29",
        "contentHash": "BFntZNmab1tbfIAc4l4sqVBZtecp4yJ7TtbKCZzLRXSaf4wy0xhTknMlCoJYZX15NqeoL7PK1wIjnJK8Wg9m9g=="
      },
      "Glamourer.Api": {
        "type": "Direct",
        "requested": "[2.8.0, )",
        "resolved": "2.8.0",
        "contentHash": "dCxycU+lA0qraE70ZoRvM4GQAPq/K+qL/bg6t/kxKPox5GWaiunKOTXNOG2hOvgEda5WtFy6e3c9OuIM6L3faQ=="
      }
    }
  }
}