{
  "version": 1,
  "dependencies": {
    "net9.0-windows7.0": {
      "DalamudPackager": {
        "type": "Direct",
        "requested": "[13.1.0, )",
        "resolved": "13.1.0",
        "contentHash": "XdoNhJGyFby5M/sdcRhnc5xTop9PHy+H50PTWpzLhJugjB19EDBiHD/AsiDF66RETM+0qKUdJBZrNuebn7qswQ=="
      },
      "DotNet.ReproducibleBuilds": {
        "type": "Direct",
        "requested": "[1.2.39, )",
        "resolved": "1.2.39",
        "contentHash": "fcFN01tDTIQqDuTwr1jUQK/geofiwjG5DycJQOnC72i1SsLAk1ELe+apBOuZ11UMQG8YKFZG1FgvjZPbqHyatg=="
      },
      "ECommons": {
        "type": "Direct",
        "requested": "[3.0.1.26, )",
        "resolved": "3.0.1.26",
        "contentHash": "uPmrlihq3EVWy9ahfuKSuywoeDz3dkTHhxvFGSwiG7DAKmSmMANHN2ZZm39GnuCa5v0LwrAGZCsVPaUigdbDfg=="
      },
      "Glamourer.Api": {
        "type": "Direct",
        "requested": "[2.7.0, )",
        "resolved": "2.7.0",
        "contentHash": "H4yRNEhdSQ+YkZlnE7qRM67GaNieb9Xe9Vpj3rvHvcSB0eWgMF1nHqCvkBNb4L38AV4WyWTzwtXh6+Rv5GuVTw=="
      }
    }
  }
}